// !$*UTF8*$!
{
	archiveVersion = 1;
	classes = {
	};
	objectVersion = 56;
	objects = {

/* Begin PBXBuildFile section */
		34429D892AE1F0120009A7E0 /* SplashView.swift in Sources */ = {isa = PBXBuildFile; fileRef = 34429D882AE1F0120009A7E0 /* SplashView.swift */; };
		34429D8B2AE1F0500009A7E0 /* Color-Theme.swift in Sources */ = {isa = PBXBuildFile; fileRef = 34429D8A2AE1F0500009A7E0 /* Color-Theme.swift */; };
		345365E22ADF0D7800A709AA /* AllThePlacesWeGoApp.swift in Sources */ = {isa = PBXBuildFile; fileRef = 345365E12ADF0D7800A709AA /* AllThePlacesWeGoApp.swift */; };
		345365E42ADF0D7800A709AA /* ContentView.swift in Sources */ = {isa = PBXBuildFile; fileRef = 345365E32ADF0D7800A709AA /* ContentView.swift */; };
		345365E62ADF0D7A00A709AA /* Assets.xcassets in Resources */ = {isa = PBXBuildFile; fileRef = 345365E52ADF0D7A00A709AA /* Assets.xcassets */; };
		345365EA2ADF0D7A00A709AA /* Preview Assets.xcassets in Resources */ = {isa = PBXBuildFile; fileRef = 345365E92ADF0D7A00A709AA /* Preview Assets.xcassets */; };
		345365F12ADF0EAB00A709AA /* Place.swift in Sources */ = {isa = PBXBuildFile; fileRef = 345365F02ADF0EAB00A709AA /* Place.swift */; };
		345365F32ADF0F4600A709AA /* Favorites.swift in Sources */ = {isa = PBXBuildFile; fileRef = 345365F22ADF0F4600A709AA /* Favorites.swift */; };
		345365F52ADF0F8300A709AA /* View-LocationStyling.swift in Sources */ = {isa = PBXBuildFile; fileRef = 345365F42ADF0F8300A709AA /* View-LocationStyling.swift */; };
		345365F72ADF0FA500A709AA /* PlacesView.swift in Sources */ = {isa = PBXBuildFile; fileRef = 345365F62ADF0FA500A709AA /* PlacesView.swift */; };
		345365F92ADF104600A709AA /* MapLayout.swift in Sources */ = {isa = PBXBuildFile; fileRef = 345365F82ADF104600A709AA /* MapLayout.swift */; };
		345365FB2ADF10A700A709AA /* DetailView.swift in Sources */ = {isa = PBXBuildFile; fileRef = 345365FA2ADF10A700A709AA /* DetailView.swift */; };
		345365FD2ADF116A00A709AA /* URLimagePicker.swift in Sources */ = {isa = PBXBuildFile; fileRef = 345365FC2ADF116A00A709AA /* URLimagePicker.swift */; };
		345365FF2ADF11A200A709AA /* AddView.swift in Sources */ = {isa = PBXBuildFile; fileRef = 345365FE2ADF11A200A709AA /* AddView.swift */; };
		345366012ADF11F500A709AA /* MapViewModel.swift in Sources */ = {isa = PBXBuildFile; fileRef = 345366002ADF11F500A709AA /* MapViewModel.swift */; };
		345366032ADF120F00A709AA /* AnnotationItem.swift in Sources */ = {isa = PBXBuildFile; fileRef = 345366022ADF120F00A709AA /* AnnotationItem.swift */; };
		345366052ADF122200A709AA /* AddressRow.swift in Sources */ = {isa = PBXBuildFile; fileRef = 345366042ADF122200A709AA /* AddressRow.swift */; };
		345366072ADF125100A709AA /* SearchView.swift in Sources */ = {isa = PBXBuildFile; fileRef = 345366062ADF125100A709AA /* SearchView.swift */; };
		345366092ADF129900A709AA /* SearchViewModel.swift in Sources */ = {isa = PBXBuildFile; fileRef = 345366082ADF129900A709AA /* SearchViewModel.swift */; };
		3453660B2ADF12B400A709AA /* AddressResult.swift in Sources */ = {isa = PBXBuildFile; fileRef = 3453660A2ADF12B400A709AA /* AddressResult.swift */; };
		3453660D2ADF12C400A709AA /* ClearButton.swift in Sources */ = {isa = PBXBuildFile; fileRef = 3453660C2ADF12C400A709AA /* ClearButton.swift */; };
		3453660F2ADF12DB00A709AA /* Map-Modifier.swift in Sources */ = {isa = PBXBuildFile; fileRef = 3453660E2ADF12DB00A709AA /* Map-Modifier.swift */; };
		345366112ADF12F100A709AA /* FileManager-DocumentsDirectory.swift in Sources */ = {isa = PBXBuildFile; fileRef = 345366102ADF12F100A709AA /* FileManager-DocumentsDirectory.swift */; };
		345366152ADF280900A709AA /* PlacesViewNV.swift in Sources */ = {isa = PBXBuildFile; fileRef = 345366142ADF280900A709AA /* PlacesViewNV.swift */; };
		345366172ADF2ABC00A709AA /* DetailViewNV.swift in Sources */ = {isa = PBXBuildFile; fileRef = 345366162ADF2ABC00A709AA /* DetailViewNV.swift */; };
		345366192ADF2BAE00A709AA /* PlacesViewV.swift in Sources */ = {isa = PBXBuildFile; fileRef = 345366182ADF2BAE00A709AA /* PlacesViewV.swift */; };
		3453661B2ADF2BF400A709AA /* DetailViewV.swift in Sources */ = {isa = PBXBuildFile; fileRef = 3453661A2ADF2BF400A709AA /* DetailViewV.swift */; };
/* End PBXBuildFile section */

/* Begin PBXFileReference section */
		34429D882AE1F0120009A7E0 /* SplashView.swift */ = {isa = PBXFileReference; lastKnownFileType = sourcecode.swift; path = SplashView.swift; sourceTree = "<group>"; };
		34429D8A2AE1F0500009A7E0 /* Color-Theme.swift */ = {isa = PBXFileReference; lastKnownFileType = sourcecode.swift; path = "Color-Theme.swift"; sourceTree = "<group>"; };
		345365DE2ADF0D7800A709AA /* AllThePlacesWeGo.app */ = {isa = PBXFileReference; explicitFileType = wrapper.application; includeInIndex = 0; path = AllThePlacesWeGo.app; sourceTree = BUILT_PRODUCTS_DIR; };
		345365E12ADF0D7800A709AA /* AllThePlacesWeGoApp.swift */ = {isa = PBXFileReference; lastKnownFileType = sourcecode.swift; path = AllThePlacesWeGoApp.swift; sourceTree = "<group>"; };
		345365E32ADF0D7800A709AA /* ContentView.swift */ = {isa = PBXFileReference; lastKnownFileType = sourcecode.swift; path = ContentView.swift; sourceTree = "<group>"; };
		345365E52ADF0D7A00A709AA /* Assets.xcassets */ = {isa = PBXFileReference; lastKnownFileType = folder.assetcatalog; path = Assets.xcassets; sourceTree = "<group>"; };
		345365E72ADF0D7A00A709AA /* AllThePlacesWeGo.entitlements */ = {isa = PBXFileReference; lastKnownFileType = text.plist.entitlements; path = AllThePlacesWeGo.entitlements; sourceTree = "<group>"; };
		345365E92ADF0D7A00A709AA /* Preview Assets.xcassets */ = {isa = PBXFileReference; lastKnownFileType = folder.assetcatalog; path = "Preview Assets.xcassets"; sourceTree = "<group>"; };
		345365F02ADF0EAB00A709AA /* Place.swift */ = {isa = PBXFileReference; lastKnownFileType = sourcecode.swift; path = Place.swift; sourceTree = "<group>"; };
		345365F22ADF0F4600A709AA /* Favorites.swift */ = {isa = PBXFileReference; lastKnownFileType = sourcecode.swift; path = Favorites.swift; sourceTree = "<group>"; };
		345365F42ADF0F8300A709AA /* View-LocationStyling.swift */ = {isa = PBXFileReference; lastKnownFileType = sourcecode.swift; path = "View-LocationStyling.swift"; sourceTree = "<group>"; };
		345365F62ADF0FA500A709AA /* PlacesView.swift */ = {isa = PBXFileReference; lastKnownFileType = sourcecode.swift; path = PlacesView.swift; sourceTree = "<group>"; };
		345365F82ADF104600A709AA /* MapLayout.swift */ = {isa = PBXFileReference; lastKnownFileType = sourcecode.swift; path = MapLayout.swift; sourceTree = "<group>"; };
		345365FA2ADF10A700A709AA /* DetailView.swift */ = {isa = PBXFileReference; lastKnownFileType = sourcecode.swift; path = DetailView.swift; sourceTree = "<group>"; };
		345365FC2ADF116A00A709AA /* URLimagePicker.swift */ = {isa = PBXFileReference; lastKnownFileType = sourcecode.swift; path = URLimagePicker.swift; sourceTree = "<group>"; };
		345365FE2ADF11A200A709AA /* AddView.swift */ = {isa = PBXFileReference; lastKnownFileType = sourcecode.swift; path = AddView.swift; sourceTree = "<group>"; };
		345366002ADF11F500A709AA /* MapViewModel.swift */ = {isa = PBXFileReference; lastKnownFileType = sourcecode.swift; path = MapViewModel.swift; sourceTree = "<group>"; };
		345366022ADF120F00A709AA /* AnnotationItem.swift */ = {isa = PBXFileReference; lastKnownFileType = sourcecode.swift; path = AnnotationItem.swift; sourceTree = "<group>"; };
		345366042ADF122200A709AA /* AddressRow.swift */ = {isa = PBXFileReference; lastKnownFileType = sourcecode.swift; path = AddressRow.swift; sourceTree = "<group>"; };
		345366062ADF125100A709AA /* SearchView.swift */ = {isa = PBXFileReference; lastKnownFileType = sourcecode.swift; path = SearchView.swift; sourceTree = "<group>"; };
		345366082ADF129900A709AA /* SearchViewModel.swift */ = {isa = PBXFileReference; lastKnownFileType = sourcecode.swift; path = SearchViewModel.swift; sourceTree = "<group>"; };
		3453660A2ADF12B400A709AA /* AddressResult.swift */ = {isa = PBXFileReference; lastKnownFileType = sourcecode.swift; path = AddressResult.swift; sourceTree = "<group>"; };
		3453660C2ADF12C400A709AA /* ClearButton.swift */ = {isa = PBXFileReference; lastKnownFileType = sourcecode.swift; path = ClearButton.swift; sourceTree = "<group>"; };
		3453660E2ADF12DB00A709AA /* Map-Modifier.swift */ = {isa = PBXFileReference; lastKnownFileType = sourcecode.swift; path = "Map-Modifier.swift"; sourceTree = "<group>"; };
		345366102ADF12F100A709AA /* FileManager-DocumentsDirectory.swift */ = {isa = PBXFileReference; lastKnownFileType = sourcecode.swift; path = "FileManager-DocumentsDirectory.swift"; sourceTree = "<group>"; };
		345366142ADF280900A709AA /* PlacesViewNV.swift */ = {isa = PBXFileReference; lastKnownFileType = sourcecode.swift; path = PlacesViewNV.swift; sourceTree = "<group>"; };
		345366162ADF2ABC00A709AA /* DetailViewNV.swift */ = {isa = PBXFileReference; lastKnownFileType = sourcecode.swift; path = DetailViewNV.swift; sourceTree = "<group>"; };
		345366182ADF2BAE00A709AA /* PlacesViewV.swift */ = {isa = PBXFileReference; lastKnownFileType = sourcecode.swift; path = PlacesViewV.swift; sourceTree = "<group>"; };
		3453661A2ADF2BF400A709AA /* DetailViewV.swift */ = {isa = PBXFileReference; lastKnownFileType = sourcecode.swift; path = DetailViewV.swift; sourceTree = "<group>"; };
/* End PBXFileReference section */

/* Begin PBXFrameworksBuildPhase section */
		345365DB2ADF0D7800A709AA /* Frameworks */ = {
			isa = PBXFrameworksBuildPhase;
			buildActionMask = 2147483647;
			files = (
			);
			runOnlyForDeploymentPostprocessing = 0;
		};
/* End PBXFrameworksBuildPhase section */

/* Begin PBXGroup section */
		345365D52ADF0D7800A709AA = {
			isa = PBXGroup;
			children = (
				345365E02ADF0D7800A709AA /* AllThePlacesWeGo */,
				345365DF2ADF0D7800A709AA /* Products */,
			);
			sourceTree = "<group>";
		};
		345365DF2ADF0D7800A709AA /* Products */ = {
			isa = PBXGroup;
			children = (
				345365DE2ADF0D7800A709AA /* AllThePlacesWeGo.app */,
			);
			name = Products;
			sourceTree = "<group>";
		};
		345365E02ADF0D7800A709AA /* AllThePlacesWeGo */ = {
			isa = PBXGroup;
			children = (
				345365E12ADF0D7800A709AA /* AllThePlacesWeGoApp.swift */,
				345365F02ADF0EAB00A709AA /* Place.swift */,
				345365F22ADF0F4600A709AA /* Favorites.swift */,
				345366022ADF120F00A709AA /* AnnotationItem.swift */,
				345366042ADF122200A709AA /* AddressRow.swift */,
				3453660A2ADF12B400A709AA /* AddressResult.swift */,
				345365E32ADF0D7800A709AA /* ContentView.swift */,
				34429D882AE1F0120009A7E0 /* SplashView.swift */,
				34429D8A2AE1F0500009A7E0 /* Color-Theme.swift */,
				345365F62ADF0FA500A709AA /* PlacesView.swift */,
				345366142ADF280900A709AA /* PlacesViewNV.swift */,
				345366182ADF2BAE00A709AA /* PlacesViewV.swift */,
				345365FE2ADF11A200A709AA /* AddView.swift */,
				345365FA2ADF10A700A709AA /* DetailView.swift */,
				345366162ADF2ABC00A709AA /* DetailViewNV.swift */,
				3453661A2ADF2BF400A709AA /* DetailViewV.swift */,
				345366082ADF129900A709AA /* SearchViewModel.swift */,
				345366002ADF11F500A709AA /* MapViewModel.swift */,
				345366062ADF125100A709AA /* SearchView.swift */,
				345365F82ADF104600A709AA /* MapLayout.swift */,
				3453660E2ADF12DB00A709AA /* Map-Modifier.swift */,
				345365FC2ADF116A00A709AA /* URLimagePicker.swift */,
				345365F42ADF0F8300A709AA /* View-LocationStyling.swift */,
				3453660C2ADF12C400A709AA /* ClearButton.swift */,
				345366102ADF12F100A709AA /* FileManager-DocumentsDirectory.swift */,
				345365E52ADF0D7A00A709AA /* Assets.xcassets */,
				345365E72ADF0D7A00A709AA /* AllThePlacesWeGo.entitlements */,
				345365E82ADF0D7A00A709AA /* Preview Content */,
			);
			path = AllThePlacesWeGo;
			sourceTree = "<group>";
		};
		345365E82ADF0D7A00A709AA /* Preview Content */ = {
			isa = PBXGroup;
			children = (
				345365E92ADF0D7A00A709AA /* Preview Assets.xcassets */,
			);
			path = "Preview Content";
			sourceTree = "<group>";
		};
/* End PBXGroup section */

/* Begin PBXNativeTarget section */
		345365DD2ADF0D7800A709AA /* AllThePlacesWeGo */ = {
			isa = PBXNativeTarget;
			buildConfigurationList = 345365ED2ADF0D7A00A709AA /* Build configuration list for PBXNativeTarget "AllThePlacesWeGo" */;
			buildPhases = (
				345365DA2ADF0D7800A709AA /* Sources */,
				345365DB2ADF0D7800A709AA /* Frameworks */,
				345365DC2ADF0D7800A709AA /* Resources */,
			);
			buildRules = (
			);
			dependencies = (
			);
			name = AllThePlacesWeGo;
			productName = AllThePlacesWeGo;
			productReference = 345365DE2ADF0D7800A709AA /* AllThePlacesWeGo.app */;
			productType = "com.apple.product-type.application";
		};
/* End PBXNativeTarget section */

/* Begin PBXProject section */
		345365D62ADF0D7800A709AA /* Project object */ = {
			isa = PBXProject;
			attributes = {
				BuildIndependentTargetsInParallel = 1;
				LastSwiftUpdateCheck = 1500;
				LastUpgradeCheck = 1500;
				TargetAttributes = {
					345365DD2ADF0D7800A709AA = {
						CreatedOnToolsVersion = 15.0;
					};
				};
			};
			buildConfigurationList = 345365D92ADF0D7800A709AA /* Build configuration list for PBXProject "AllThePlacesWeGo" */;
			compatibilityVersion = "Xcode 14.0";
			developmentRegion = en;
			hasScannedForEncodings = 0;
			knownRegions = (
				en,
				Base,
			);
			mainGroup = 345365D52ADF0D7800A709AA;
			productRefGroup = 345365DF2ADF0D7800A709AA /* Products */;
			projectDirPath = "";
			projectRoot = "";
			targets = (
				345365DD2ADF0D7800A709AA /* AllThePlacesWeGo */,
			);
		};
/* End PBXProject section */

/* Begin PBXResourcesBuildPhase section */
		345365DC2ADF0D7800A709AA /* Resources */ = {
			isa = PBXResourcesBuildPhase;
			buildActionMask = 2147483647;
			files = (
				345365EA2ADF0D7A00A709AA /* Preview Assets.xcassets in Resources */,
				345365E62ADF0D7A00A709AA /* Assets.xcassets in Resources */,
			);
			runOnlyForDeploymentPostprocessing = 0;
		};
/* End PBXResourcesBuildPhase section */

/* Begin PBXSourcesBuildPhase section */
		345365DA2ADF0D7800A709AA /* Sources */ = {
			isa = PBXSourcesBuildPhase;
			buildActionMask = 2147483647;
			files = (
				345365FD2ADF116A00A709AA /* URLimagePicker.swift in Sources */,
				345366152ADF280900A709AA /* PlacesViewNV.swift in Sources */,
				345365F72ADF0FA500A709AA /* PlacesView.swift in Sources */,
				345366052ADF122200A709AA /* AddressRow.swift in Sources */,
				3453660D2ADF12C400A709AA /* ClearButton.swift in Sources */,
				3453660B2ADF12B400A709AA /* AddressResult.swift in Sources */,
				345365FF2ADF11A200A709AA /* AddView.swift in Sources */,
				345365FB2ADF10A700A709AA /* DetailView.swift in Sources */,
				3453660F2ADF12DB00A709AA /* Map-Modifier.swift in Sources */,
				345365F12ADF0EAB00A709AA /* Place.swift in Sources */,
				345366092ADF129900A709AA /* SearchViewModel.swift in Sources */,
				345366032ADF120F00A709AA /* AnnotationItem.swift in Sources */,
				345365F32ADF0F4600A709AA /* Favorites.swift in Sources */,
				345366172ADF2ABC00A709AA /* DetailViewNV.swift in Sources */,
				34429D8B2AE1F0500009A7E0 /* Color-Theme.swift in Sources */,
				345366012ADF11F500A709AA /* MapViewModel.swift in Sources */,
				345366112ADF12F100A709AA /* FileManager-DocumentsDirectory.swift in Sources */,
				345365F92ADF104600A709AA /* MapLayout.swift in Sources */,
				34429D892AE1F0120009A7E0 /* SplashView.swift in Sources */,
				345366072ADF125100A709AA /* SearchView.swift in Sources */,
				345365E42ADF0D7800A709AA /* ContentView.swift in Sources */,
				3453661B2ADF2BF400A709AA /* DetailViewV.swift in Sources */,
				345366192ADF2BAE00A709AA /* PlacesViewV.swift in Sources */,
				345365F52ADF0F8300A709AA /* View-LocationStyling.swift in Sources */,
				345365E22ADF0D7800A709AA /* AllThePlacesWeGoApp.swift in Sources */,
			);
			runOnlyForDeploymentPostprocessing = 0;
		};
/* End PBXSourcesBuildPhase section */

/* Begin XCBuildConfiguration section */
		345365EB2ADF0D7A00A709AA /* Debug */ = {
			isa = XCBuildConfiguration;
			buildSettings = {
				ALWAYS_SEARCH_USER_PATHS = NO;
				ASSETCATALOG_COMPILER_GENERATE_SWIFT_ASSET_SYMBOL_EXTENSIONS = YES;
				CLANG_ANALYZER_NONNULL = YES;
				CLANG_ANALYZER_NUMBER_OBJECT_CONVERSION = YES_AGGRESSIVE;
				CLANG_CXX_LANGUAGE_STANDARD = "gnu++20";
				CLANG_ENABLE_MODULES = YES;
				CLANG_ENABLE_OBJC_ARC = YES;
				CLANG_ENABLE_OBJC_WEAK = YES;
				CLANG_WARN_BLOCK_CAPTURE_AUTORELEASING = YES;
				CLANG_WARN_BOOL_CONVERSION = YES;
				CLANG_WARN_COMMA = YES;
				CLANG_WARN_CONSTANT_CONVERSION = YES;
				CLANG_WARN_DEPRECATED_OBJC_IMPLEMENTATIONS = YES;
				CLANG_WARN_DIRECT_OBJC_ISA_USAGE = YES_ERROR;
				CLANG_WARN_DOCUMENTATION_COMMENTS = YES;
				CLANG_WARN_EMPTY_BODY = YES;
				CLANG_WARN_ENUM_CONVERSION = YES;
				CLANG_WARN_INFINITE_RECURSION = YES;
				CLANG_WARN_INT_CONVERSION = YES;
				CLANG_WARN_NON_LITERAL_NULL_CONVERSION = YES;
				CLANG_WARN_OBJC_IMPLICIT_RETAIN_SELF = YES;
				CLANG_WARN_OBJC_LITERAL_CONVERSION = YES;
				CLANG_WARN_OBJC_ROOT_CLASS = YES_ERROR;
				CLANG_WARN_QUOTED_INCLUDE_IN_FRAMEWORK_HEADER = YES;
				CLANG_WARN_RANGE_LOOP_ANALYSIS = YES;
				CLANG_WARN_STRICT_PROTOTYPES = YES;
				CLANG_WARN_SUSPICIOUS_MOVE = YES;
				CLANG_WARN_UNGUARDED_AVAILABILITY = YES_AGGRESSIVE;
				CLANG_WARN_UNREACHABLE_CODE = YES;
				CLANG_WARN__DUPLICATE_METHOD_MATCH = YES;
				COPY_PHASE_STRIP = NO;
				DEBUG_INFORMATION_FORMAT = dwarf;
				ENABLE_STRICT_OBJC_MSGSEND = YES;
				ENABLE_TESTABILITY = YES;
				ENABLE_USER_SCRIPT_SANDBOXING = YES;
				GCC_C_LANGUAGE_STANDARD = gnu17;
				GCC_DYNAMIC_NO_PIC = NO;
				GCC_NO_COMMON_BLOCKS = YES;
				GCC_OPTIMIZATION_LEVEL = 0;
				GCC_PREPROCESSOR_DEFINITIONS = (
					"DEBUG=1",
					"$(inherited)",
				);
				GCC_WARN_64_TO_32_BIT_CONVERSION = YES;
				GCC_WARN_ABOUT_RETURN_TYPE = YES_ERROR;
				GCC_WARN_UNDECLARED_SELECTOR = YES;
				GCC_WARN_UNINITIALIZED_AUTOS = YES_AGGRESSIVE;
				GCC_WARN_UNUSED_FUNCTION = YES;
				GCC_WARN_UNUSED_VARIABLE = YES;
				LOCALIZATION_PREFERS_STRING_CATALOGS = YES;
				MTL_ENABLE_DEBUG_INFO = INCLUDE_SOURCE;
				MTL_FAST_MATH = YES;
				ONLY_ACTIVE_ARCH = YES;
				SWIFT_ACTIVE_COMPILATION_CONDITIONS = "DEBUG $(inherited)";
				SWIFT_OPTIMIZATION_LEVEL = "-Onone";
			};
			name = Debug;
		};
		345365EC2ADF0D7A00A709AA /* Release */ = {
			isa = XCBuildConfiguration;
			buildSettings = {
				ALWAYS_SEARCH_USER_PATHS = NO;
				ASSETCATALOG_COMPILER_GENERATE_SWIFT_ASSET_SYMBOL_EXTENSIONS = YES;
				CLANG_ANALYZER_NONNULL = YES;
				CLANG_ANALYZER_NUMBER_OBJECT_CONVERSION = YES_AGGRESSIVE;
				CLANG_CXX_LANGUAGE_STANDARD = "gnu++20";
				CLANG_ENABLE_MODULES = YES;
				CLANG_ENABLE_OBJC_ARC = YES;
				CLANG_ENABLE_OBJC_WEAK = YES;
				CLANG_WARN_BLOCK_CAPTURE_AUTORELEASING = YES;
				CLANG_WARN_BOOL_CONVERSION = YES;
				CLANG_WARN_COMMA = YES;
				CLANG_WARN_CONSTANT_CONVERSION = YES;
				CLANG_WARN_DEPRECATED_OBJC_IMPLEMENTATIONS = YES;
				CLANG_WARN_DIRECT_OBJC_ISA_USAGE = YES_ERROR;
				CLANG_WARN_DOCUMENTATION_COMMENTS = YES;
				CLANG_WARN_EMPTY_BODY = YES;
				CLANG_WARN_ENUM_CONVERSION = YES;
				CLANG_WARN_INFINITE_RECURSION = YES;
				CLANG_WARN_INT_CONVERSION = YES;
				CLANG_WARN_NON_LITERAL_NULL_CONVERSION = YES;
				CLANG_WARN_OBJC_IMPLICIT_RETAIN_SELF = YES;
				CLANG_WARN_OBJC_LITERAL_CONVERSION = YES;
				CLANG_WARN_OBJC_ROOT_CLASS = YES_ERROR;
				CLANG_WARN_QUOTED_INCLUDE_IN_FRAMEWORK_HEADER = YES;
				CLANG_WARN_RANGE_LOOP_ANALYSIS = YES;
				CLANG_WARN_STRICT_PROTOTYPES = YES;
				CLANG_WARN_SUSPICIOUS_MOVE = YES;
				CLANG_WARN_UNGUARDED_AVAILABILITY = YES_AGGRESSIVE;
				CLANG_WARN_UNREACHABLE_CODE = YES;
				CLANG_WARN__DUPLICATE_METHOD_MATCH = YES;
				COPY_PHASE_STRIP = NO;
				DEBUG_INFORMATION_FORMAT = "dwarf-with-dsym";
				ENABLE_NS_ASSERTIONS = NO;
				ENABLE_STRICT_OBJC_MSGSEND = YES;
				ENABLE_USER_SCRIPT_SANDBOXING = YES;
				GCC_C_LANGUAGE_STANDARD = gnu17;
				GCC_NO_COMMON_BLOCKS = YES;
				GCC_WARN_64_TO_32_BIT_CONVERSION = YES;
				GCC_WARN_ABOUT_RETURN_TYPE = YES_ERROR;
				GCC_WARN_UNDECLARED_SELECTOR = YES;
				GCC_WARN_UNINITIALIZED_AUTOS = YES_AGGRESSIVE;
				GCC_WARN_UNUSED_FUNCTION = YES;
				GCC_WARN_UNUSED_VARIABLE = YES;
				LOCALIZATION_PREFERS_STRING_CATALOGS = YES;
				MTL_ENABLE_DEBUG_INFO = NO;
				MTL_FAST_MATH = YES;
				SWIFT_COMPILATION_MODE = wholemodule;
			};
			name = Release;
		};
		345365EE2ADF0D7A00A709AA /* Debug */ = {
			isa = XCBuildConfiguration;
			buildSettings = {
				ASSETCATALOG_COMPILER_APPICON_NAME = AppIcon;
				ASSETCATALOG_COMPILER_GLOBAL_ACCENT_COLOR_NAME = AccentColor;
				CODE_SIGN_ENTITLEMENTS = AllThePlacesWeGo/AllThePlacesWeGo.entitlements;
				CODE_SIGN_STYLE = Automatic;
				CURRENT_PROJECT_VERSION = 1;
				DEVELOPMENT_ASSET_PATHS = "\"AllThePlacesWeGo/Preview Content\"";
				DEVELOPMENT_TEAM = ACZV33WGB6;
				ENABLE_HARDENED_RUNTIME = YES;
				ENABLE_PREVIEWS = YES;
				GENERATE_INFOPLIST_FILE = YES;
				"INFOPLIST_KEY_UIApplicationSceneManifest_Generation[sdk=iphoneos*]" = YES;
				"INFOPLIST_KEY_UIApplicationSceneManifest_Generation[sdk=iphonesimulator*]" = YES;
				"INFOPLIST_KEY_UIApplicationSupportsIndirectInputEvents[sdk=iphoneos*]" = YES;
				"INFOPLIST_KEY_UIApplicationSupportsIndirectInputEvents[sdk=iphonesimulator*]" = YES;
				"INFOPLIST_KEY_UILaunchScreen_Generation[sdk=iphoneos*]" = YES;
				"INFOPLIST_KEY_UILaunchScreen_Generation[sdk=iphonesimulator*]" = YES;
				"INFOPLIST_KEY_UIStatusBarStyle[sdk=iphoneos*]" = UIStatusBarStyleDefault;
				"INFOPLIST_KEY_UIStatusBarStyle[sdk=iphonesimulator*]" = UIStatusBarStyleDefault;
				INFOPLIST_KEY_UISupportedInterfaceOrientations_iPad = "UIInterfaceOrientationPortrait UIInterfaceOrientationPortraitUpsideDown UIInterfaceOrientationLandscapeLeft UIInterfaceOrientationLandscapeRight";
				INFOPLIST_KEY_UISupportedInterfaceOrientations_iPhone = "UIInterfaceOrientationPortrait UIInterfaceOrientationLandscapeLeft UIInterfaceOrientationLandscapeRight";
				IPHONEOS_DEPLOYMENT_TARGET = 17.0;
				LD_RUNPATH_SEARCH_PATHS = "@executable_path/Frameworks";
				"LD_RUNPATH_SEARCH_PATHS[sdk=macosx*]" = "@executable_path/../Frameworks";
				MACOSX_DEPLOYMENT_TARGET = 14.0;
				MARKETING_VERSION = 1.0;
				PRODUCT_BUNDLE_IDENTIFIER = Annalie.AllThePlacesWeGo;
				PRODUCT_NAME = "$(TARGET_NAME)";
				SDKROOT = auto;
				SUPPORTED_PLATFORMS = "iphoneos iphonesimulator macosx";
				SWIFT_EMIT_LOC_STRINGS = YES;
				SWIFT_VERSION = 5.0;
				TARGETED_DEVICE_FAMILY = "1,2";
			};
			name = Debug;
		};
		345365EF2ADF0D7A00A709AA /* Release */ = {
			isa = XCBuildConfiguration;
			buildSettings = {
				ASSETCATALOG_COMPILER_APPICON_NAME = AppIcon;
				ASSETCATALOG_COMPILER_GLOBAL_ACCENT_COLOR_NAME = AccentColor;
				CODE_SIGN_ENTITLEMENTS = AllThePlacesWeGo/AllThePlacesWeGo.entitlements;
				CODE_SIGN_STYLE = Automatic;
				CURRENT_PROJECT_VERSION = 1;
				DEVELOPMENT_ASSET_PATHS = "\"AllThePlacesWeGo/Preview Content\"";
				DEVELOPMENT_TEAM = ACZV33WGB6;
				ENABLE_HARDENED_RUNTIME = YES;
				ENABLE_PREVIEWS = YES;
				GENERATE_INFOPLIST_FILE = YES;
				"INFOPLIST_KEY_UIApplicationSceneManifest_Generation[sdk=iphoneos*]" = YES;
				"INFOPLIST_KEY_UIApplicationSceneManifest_Generation[sdk=iphonesimulator*]" = YES;
				"INFOPLIST_KEY_UIApplicationSupportsIndirectInputEvents[sdk=iphoneos*]" = YES;
				"INFOPLIST_KEY_UIApplicationSupportsIndirectInputEvents[sdk=iphonesimulator*]" = YES;
				"INFOPLIST_KEY_UILaunchScreen_Generation[sdk=iphoneos*]" = YES;
				"INFOPLIST_KEY_UILaunchScreen_Generation[sdk=iphonesimulator*]" = YES;
				"INFOPLIST_KEY_UIStatusBarStyle[sdk=iphoneos*]" = UIStatusBarStyleDefault;
				"INFOPLIST_KEY_UIStatusBarStyle[sdk=iphonesimulator*]" = UIStatusBarStyleDefault;
				INFOPLIST_KEY_UISupportedInterfaceOrientations_iPad = "UIInterfaceOrientationPortrait UIInterfaceOrientationPortraitUpsideDown UIInterfaceOrientationLandscapeLeft UIInterfaceOrientationLandscapeRight";
				INFOPLIST_KEY_UISupportedInterfaceOrientations_iPhone = "UIInterfaceOrientationPortrait UIInterfaceOrientationLandscapeLeft UIInterfaceOrientationLandscapeRight";
				IPHONEOS_DEPLOYMENT_TARGET = 17.0;
				LD_RUNPATH_SEARCH_PATHS = "@executable_path/Frameworks";
				"LD_RUNPATH_SEARCH_PATHS[sdk=macosx*]" = "@executable_path/../Frameworks";
				MACOSX_DEPLOYMENT_TARGET = 14.0;
				MARKETING_VERSION = 1.0;
				PRODUCT_BUNDLE_IDENTIFIER = Annalie.AllThePlacesWeGo;
				PRODUCT_NAME = "$(TARGET_NAME)";
				SDKROOT = auto;
				SUPPORTED_PLATFORMS = "iphoneos iphonesimulator macosx";
				SWIFT_EMIT_LOC_STRINGS = YES;
				SWIFT_VERSION = 5.0;
				TARGETED_DEVICE_FAMILY = "1,2";
			};
			name = Release;
		};
/* End XCBuildConfiguration section */

/* Begin XCConfigurationList section */
		345365D92ADF0D7800A709AA /* Build configuration list for PBXProject "AllThePlacesWeGo" */ = {
			isa = XCConfigurationList;
			buildConfigurations = (
				345365EB2ADF0D7A00A709AA /* Debug */,
				345365EC2ADF0D7A00A709AA /* Release */,
			);
			defaultConfigurationIsVisible = 0;
			defaultConfigurationName = Release;
		};
		345365ED2ADF0D7A00A709AA /* Build configuration list for PBXNativeTarget "AllThePlacesWeGo" */ = {
			isa = XCConfigurationList;
			buildConfigurations = (
				345365EE2ADF0D7A00A709AA /* Debug */,
				345365EF2ADF0D7A00A709AA /* Release */,
			);
			defaultConfigurationIsVisible = 0;
			defaultConfigurationName = Release;
		};
/* End XCConfigurationList section */
	};
	rootObject = 345365D62ADF0D7800A709AA /* Project object */;
}
